
Microsoft Visual Studio Solution File, Format Version 12.00
# Visual Studio 15
VisualStudioVersion = 15.0.26124.0
MinimumVisualStudioVersion = 15.0.26124.0
Project("{FAE04EC0-301F-11D3-BF4B-00C04F79EFBC}") = "API", "API\API.csproj", "{2F90DA46-EE42-49B1-9FEE-BE670392C9EB}"
EndProject
Project("{FAE04EC0-301F-11D3-BF4B-00C04F79EFBC}") = "Infrastructure", "Infrastructure\Infrastructure.csproj", "{6EBC31F0-5D15-4C68-9E0B-A34C291C888D}"
EndProject
Project("{FAE04EC0-301F-11D3-BF4B-00C04F79EFBC}") = "Core", "Core\Core.csproj", "{51B4E457-F854-4B80-BF39-8E3BC3786E51}"
EndProject
Global
	GlobalSection(SolutionConfigurationPlatforms) = preSolution
		Debug|Any CPU = Debug|Any CPU
		Debug|x64 = Debug|x64
		Debug|x86 = Debug|x86
		Release|Any CPU = Release|Any CPU
		Release|x64 = Release|x64
		Release|x86 = Release|x86
	EndGlobalSection
	GlobalSection(SolutionProperties) = preSolution
		HideSolutionNode = FALSE
	EndGlobalSection
	GlobalSection(ProjectConfigurationPlatforms) = postSolution
		{2F90DA46-EE42-49B1-9FEE-BE670392C9EB}.Debug|Any CPU.ActiveCfg = Debug|Any CPU
		{2F90DA46-EE42-49B1-9FEE-BE670392C9EB}.Debug|Any CPU.Build.0 = Debug|Any CPU
		{2F90DA46-EE42-49B1-9FEE-BE670392C9EB}.Debug|x64.ActiveCfg = Debug|Any CPU
		{2F90DA46-EE42-49B1-9FEE-BE670392C9EB}.Debug|x64.Build.0 = Debug|Any CPU
		{2F90DA46-EE42-49B1-9FEE-BE670392C9EB}.Debug|x86.ActiveCfg = Debug|Any CPU
		{2F90DA46-EE42-49B1-9FEE-BE670392C9EB}.Debug|x86.Build.0 = Debug|Any CPU
		{2F90DA46-EE42-49B1-9FEE-BE670392C9EB}.Release|Any CPU.ActiveCfg = Release|Any CPU
		{2F90DA46-EE42-49B1-9FEE-BE670392C9EB}.Release|Any CPU.Build.0 = Release|Any CPU
		{2F90DA46-EE42-49B1-9FEE-BE670392C9EB}.Release|x64.ActiveCfg = Release|Any CPU
		{2F90DA46-EE42-49B1-9FEE-BE670392C9EB}.Release|x64.Build.0 = Release|Any CPU
		{2F90DA46-EE42-49B1-9FEE-BE670392C9EB}.Release|x86.ActiveCfg = Release|Any CPU
		{2F90DA46-EE42-49B1-9FEE-BE670392C9EB}.Release|x86.Build.0 = Release|Any CPU
		{6EBC31F0-5D15-4C68-9E0B-A34C291C888D}.Debug|Any CPU.ActiveCfg = Debug|Any CPU
		{6EBC31F0-5D15-4C68-9E0B-A34C291C888D}.Debug|Any CPU.Build.0 = Debug|Any CPU
		{6EBC31F0-5D15-4C68-9E0B-A34C291C888D}.Debug|x64.ActiveCfg = Debug|Any CPU
		{6EBC31F0-5D15-4C68-9E0B-A34C291C888D}.Debug|x64.Build.0 = Debug|Any CPU
		{6EBC31F0-5D15-4C68-9E0B-A34C291C888D}.Debug|x86.ActiveCfg = Debug|Any CPU
		{6EBC31F0-5D15-4C68-9E0B-A34C291C888D}.Debug|x86.Build.0 = Debug|Any CPU
		{6EBC31F0-5D15-4C68-9E0B-A34C291C888D}.Release|Any CPU.ActiveCfg = Release|Any CPU
		{6EBC31F0-5D15-4C68-9E0B-A34C291C888D}.Release|Any CPU.Build.0 = Release|Any CPU
		{6EBC31F0-5D15-4C68-9E0B-A34C291C888D}.Release|x64.ActiveCfg = Release|Any CPU
		{6EBC31F0-5D15-4C68-9E0B-A34C291C888D}.Release|x64.Build.0 = Release|Any CPU
		{6EBC31F0-5D15-4C68-9E0B-A34C291C888D}.Release|x86.ActiveCfg = Release|Any CPU
		{6EBC31F0-5D15-4C68-9E0B-A34C291C888D}.Release|x86.Build.0 = Release|Any CPU
		{51B4E457-F854-4B80-BF39-8E3BC3786E51}.Debug|Any CPU.ActiveCfg = Debug|Any CPU
		{51B4E457-F854-4B80-BF39-8E3BC3786E51}.Debug|Any CPU.Build.0 = Debug|Any CPU
		{51B4E457-F854-4B80-BF39-8E3BC3786E51}.Debug|x64.ActiveCfg = Debug|Any CPU
		{51B4E457-F854-4B80-BF39-8E3BC3786E51}.Debug|x64.Build.0 = Debug|Any CPU
		{51B4E457-F854-4B80-BF39-8E3BC3786E51}.Debug|x86.ActiveCfg = Debug|Any CPU
		{51B4E457-F854-4B80-BF39-8E3BC3786E51}.Debug|x86.Build.0 = Debug|Any CPU
		{51B4E457-F854-4B80-BF39-8E3BC3786E51}.Release|Any CPU.ActiveCfg = Release|Any CPU
		{51B4E457-F854-4B80-BF39-8E3BC3786E51}.Release|Any CPU.Build.0 = Release|Any CPU
		{51B4E457-F854-4B80-BF39-8E3BC3786E51}.Release|x64.ActiveCfg = Release|Any CPU
		{51B4E457-F854-4B80-BF39-8E3BC3786E51}.Release|x64.Build.0 = Release|Any CPU
		{51B4E457-F854-4B80-BF39-8E3BC3786E51}.Release|x86.ActiveCfg = Release|Any CPU
		{51B4E457-F854-4B80-BF39-8E3BC3786E51}.Release|x86.Build.0 = Release|Any CPU
	EndGlobalSection
EndGlobal
